
Microsoft Visual Studio Solution File, Format Version 12.00
# Visual Studio Version 17
VisualStudioVersion = 17.6.33829.357
MinimumVisualStudioVersion = 10.0.40219.1
Project("{FAE04EC0-301F-11D3-BF4B-00C04F79EFBC}") = "SmartPro_11", "SmartPro_11\SmartPro_11.csproj", "{90D1DE5F-43F0-4271-96E9-74C16E80B540}"
EndProject
Global
	GlobalSection(SolutionConfigurationPlatforms) = preSolution
		Debug|Any CPU = Debug|Any CPU
		Release|Any CPU = Release|Any CPU
	EndGlobalSection
	GlobalSection(ProjectConfigurationPlatforms) = postSolution
		{90D1DE5F-43F0-4271-96E9-74C16E80B540}.Debug|Any CPU.ActiveCfg = Debug|Any CPU
		{90D1DE5F-43F0-4271-96E9-74C16E80B540}.Debug|Any CPU.Build.0 = Debug|Any CPU
		{90D1DE5F-43F0-4271-96E9-74C16E80B540}.Release|Any CPU.ActiveCfg = Release|Any CPU
		{90D1DE5F-43F0-4271-96E9-74C16E80B540}.Release|Any CPU.Build.0 = Release|Any CPU
	EndGlobalSection
	GlobalSection(SolutionProperties) = preSolution
		HideSolutionNode = FALSE
	EndGlobalSection
	GlobalSection(ExtensibilityGlobals) = postSolution
		SolutionGuid = {B3DBA5C7-4659-4F2C-AB4E-E7DEDA43E651}
	EndGlobalSection
EndGlobal
